
Microsoft Visual Studio Solution File, Format Version 12.00
# Visual Studio Version 17
VisualStudioVersion = 17.3.32929.385
MinimumVisualStudioVersion = 10.0.40219.1
Project("{FAE04EC0-301F-11D3-BF4B-00C04F79EFBC}") = "NzWalks.API", "NzWalks.API\NzWalks.API.csproj", "{FB0CD07D-F375-4009-BF8A-F199DED8DE6A}"
EndProject
Global
	GlobalSection(SolutionConfigurationPlatforms) = preSolution
		Debug|Any CPU = Debug|Any CPU
		Release|Any CPU = Release|Any CPU
	EndGlobalSection
	GlobalSection(ProjectConfigurationPlatforms) = postSolution
		{FB0CD07D-F375-4009-BF8A-F199DED8DE6A}.Debug|Any CPU.ActiveCfg = Debug|Any CPU
		{FB0CD07D-F375-4009-BF8A-F199DED8DE6A}.Debug|Any CPU.Build.0 = Debug|Any CPU
		{FB0CD07D-F375-4009-BF8A-F199DED8DE6A}.Release|Any CPU.ActiveCfg = Release|Any CPU
		{FB0CD07D-F375-4009-BF8A-F199DED8DE6A}.Release|Any CPU.Build.0 = Release|Any CPU
	EndGlobalSection
	GlobalSection(SolutionProperties) = preSolution
		HideSolutionNode = FALSE
	EndGlobalSection
	GlobalSection(ExtensibilityGlobals) = postSolution
		SolutionGuid = {99185A02-D166-4081-9C31-F408EB4B429B}
	EndGlobalSection
EndGlobal
